
Microsoft Visual Studio Solution File, Format Version 11.00
# Visual Studio 2010
Project("{FAE04EC0-301F-11D3-BF4B-00C04F79EFBC}") = "TorrentPatcher", "TorrentPatcher.csproj", "{AAB5DA75-8AEB-41BE-A0FB-4793754CACB8}"
EndProject
Global
	GlobalSection(SolutionConfigurationPlatforms) = preSolution
		Debug|Any CPU = Debug|Any CPU
		Release|Any CPU = Release|Any CPU
	EndGlobalSection
	GlobalSection(ProjectConfigurationPlatforms) = postSolution
		{AAB5DA75-8AEB-41BE-A0FB-4793754CACB8}.Debug|Any CPU.ActiveCfg = Debug|Any CPU
		{AAB5DA75-8AEB-41BE-A0FB-4793754CACB8}.Debug|Any CPU.Build.0 = Debug|Any CPU
		{AAB5DA75-8AEB-41BE-A0FB-4793754CACB8}.Release|Any CPU.ActiveCfg = Release|Any CPU
		{AAB5DA75-8AEB-41BE-A0FB-4793754CACB8}.Release|Any CPU.Build.0 = Release|Any CPU
	EndGlobalSection
	GlobalSection(SolutionProperties) = preSolution
		HideSolutionNode = FALSE
	EndGlobalSection
EndGlobal
